
Microsoft Visual Studio Solution File, Format Version 12.00
# Visual Studio Version 16
VisualStudioVersion = 16.0.31410.357
MinimumVisualStudioVersion = 10.0.40219.1
Project("{FAE04EC0-301F-11D3-BF4B-00C04F79EFBC}") = "publishapp", "publishapp\publishapp.csproj", "{785E253B-769F-46CB-B1B0-CDB50CB9DE6F}"
EndProject
Global
	GlobalSection(SolutionConfigurationPlatforms) = preSolution
		Debug|Any CPU = Debug|Any CPU
		Release|Any CPU = Release|Any CPU
	EndGlobalSection
	GlobalSection(ProjectConfigurationPlatforms) = postSolution
		{785E253B-769F-46CB-B1B0-CDB50CB9DE6F}.Debug|Any CPU.ActiveCfg = Debug|Any CPU
		{785E253B-769F-46CB-B1B0-CDB50CB9DE6F}.Debug|Any CPU.Build.0 = Debug|Any CPU
		{785E253B-769F-46CB-B1B0-CDB50CB9DE6F}.Release|Any CPU.ActiveCfg = Release|Any CPU
		{785E253B-769F-46CB-B1B0-CDB50CB9DE6F}.Release|Any CPU.Build.0 = Release|Any CPU
	EndGlobalSection
	GlobalSection(SolutionProperties) = preSolution
		HideSolutionNode = FALSE
	EndGlobalSection
	GlobalSection(ExtensibilityGlobals) = postSolution
		SolutionGuid = {B67DF49E-75F1-4D3F-934C-425B20905F4F}
	EndGlobalSection
EndGlobal
